
Microsoft Visual Studio Solution File, Format Version 12.00
# Visual Studio Version 16
VisualStudioVersion = 16.0.30804.86
MinimumVisualStudioVersion = 10.0.40219.1
Project("{FAE04EC0-301F-11D3-BF4B-00C04F79EFBC}") = "WindowsFormsApp1_API", "WindowsFormsApp1_API\WindowsFormsApp1_API.csproj", "{1E9A3E33-D47B-413F-899F-A4BF7C3F6EE8}"
EndProject
Global
	GlobalSection(SolutionConfigurationPlatforms) = preSolution
		Debug|Any CPU = Debug|Any CPU
		Release|Any CPU = Release|Any CPU
	EndGlobalSection
	GlobalSection(ProjectConfigurationPlatforms) = postSolution
		{1E9A3E33-D47B-413F-899F-A4BF7C3F6EE8}.Debug|Any CPU.ActiveCfg = Debug|Any CPU
		{1E9A3E33-D47B-413F-899F-A4BF7C3F6EE8}.Debug|Any CPU.Build.0 = Debug|Any CPU
		{1E9A3E33-D47B-413F-899F-A4BF7C3F6EE8}.Release|Any CPU.ActiveCfg = Release|Any CPU
		{1E9A3E33-D47B-413F-899F-A4BF7C3F6EE8}.Release|Any CPU.Build.0 = Release|Any CPU
	EndGlobalSection
	GlobalSection(SolutionProperties) = preSolution
		HideSolutionNode = FALSE
	EndGlobalSection
	GlobalSection(ExtensibilityGlobals) = postSolution
		SolutionGuid = {294A0CBB-895D-41EF-8C4D-173902E37ADE}
	EndGlobalSection
EndGlobal
